
Microsoft Visual Studio Solution File, Format Version 12.00
# Visual Studio Version 16
VisualStudioVersion = 16.0.29519.181
MinimumVisualStudioVersion = 10.0.40219.1
Project("{FAE04EC0-301F-11D3-BF4B-00C04F79EFBC}") = "stc", "stc.csproj", "{C787322C-B3B6-4AC3-8524-153CA4195B92}"
EndProject
Global
	GlobalSection(SolutionConfigurationPlatforms) = preSolution
		Debug|Any CPU = Debug|Any CPU
		Release|Any CPU = Release|Any CPU
	EndGlobalSection
	GlobalSection(ProjectConfigurationPlatforms) = postSolution
		{C787322C-B3B6-4AC3-8524-153CA4195B92}.Debug|Any CPU.ActiveCfg = Debug|Any CPU
		{C787322C-B3B6-4AC3-8524-153CA4195B92}.Debug|Any CPU.Build.0 = Debug|Any CPU
		{C787322C-B3B6-4AC3-8524-153CA4195B92}.Release|Any CPU.ActiveCfg = Release|Any CPU
		{C787322C-B3B6-4AC3-8524-153CA4195B92}.Release|Any CPU.Build.0 = Release|Any CPU
	EndGlobalSection
	GlobalSection(SolutionProperties) = preSolution
		HideSolutionNode = FALSE
	EndGlobalSection
	GlobalSection(ExtensibilityGlobals) = postSolution
		SolutionGuid = {FB0895E8-5616-4552-BC25-87DED004A7E2}
	EndGlobalSection
EndGlobal
